// !$*UTF8*$!
{
	archiveVersion = 1;
	classes = {
	};
	objectVersion = 46;
	objects = {

/* Begin PBXBuildFile section */
		8718CDEF19062AF500C34891 /* Foundation.framework in Frameworks */ = {isa = PBXBuildFile; fileRef = 8718CDEE19062AF500C34891 /* Foundation.framework */; };
		8718CDF119062AF500C34891 /* CoreGraphics.framework in Frameworks */ = {isa = PBXBuildFile; fileRef = 8718CDF019062AF500C34891 /* CoreGraphics.framework */; };
		8718CDF319062AF500C34891 /* UIKit.framework in Frameworks */ = {isa = PBXBuildFile; fileRef = 8718CDF219062AF500C34891 /* UIKit.framework */; };
		8718CDF919062AF500C34891 /* InfoPlist.strings in Resources */ = {isa = PBXBuildFile; fileRef = 8718CDF719062AF500C34891 /* InfoPlist.strings */; };
		8718CDFB19062AF500C34891 /* main.m in Sources */ = {isa = PBXBuildFile; fileRef = 8718CDFA19062AF500C34891 /* main.m */; };
		8718CDFF19062AF500C34891 /* LCLAppDelegate.m in Sources */ = {isa = PBXBuildFile; fileRef = 8718CDFE19062AF500C34891 /* LCLAppDelegate.m */; };
		8718CE0219062AF500C34891 /* Main.storyboard in Resources */ = {isa = PBXBuildFile; fileRef = 8718CE0019062AF500C34891 /* Main.storyboard */; };
		8718CE0519062AF500C34891 /* LCLViewController.m in Sources */ = {isa = PBXBuildFile; fileRef = 8718CE0419062AF500C34891 /* LCLViewController.m */; };
		8718CE0719062AF500C34891 /* Images.xcassets in Resources */ = {isa = PBXBuildFile; fileRef = 8718CE0619062AF500C34891 /* Images.xcassets */; };
		8718CE0E19062AF500C34891 /* XCTest.framework in Frameworks */ = {isa = PBXBuildFile; fileRef = 8718CE0D19062AF500C34891 /* XCTest.framework */; };
		8718CE0F19062AF500C34891 /* Foundation.framework in Frameworks */ = {isa = PBXBuildFile; fileRef = 8718CDEE19062AF500C34891 /* Foundation.framework */; };
		8718CE1019062AF500C34891 /* UIKit.framework in Frameworks */ = {isa = PBXBuildFile; fileRef = 8718CDF219062AF500C34891 /* UIKit.framework */; };
		8718CE1819062AF500C34891 /* InfoPlist.strings in Resources */ = {isa = PBXBuildFile; fileRef = 8718CE1619062AF500C34891 /* InfoPlist.strings */; };
		8718CE1A19062AF500C34891 /* LCLPlayingCardViewExampleTests.m in Sources */ = {isa = PBXBuildFile; fileRef = 8718CE1919062AF500C34891 /* LCLPlayingCardViewExampleTests.m */; };
/* End PBXBuildFile section */

/* Begin PBXContainerItemProxy section */
		8718CE1119062AF500C34891 /* PBXContainerItemProxy */ = {
			isa = PBXContainerItemProxy;
			containerPortal = 8718CDE319062AF500C34891 /* Project object */;
			proxyType = 1;
			remoteGlobalIDString = 8718CDEA19062AF500C34891;
			remoteInfo = LCLPlayingCardViewExample;
		};
/* End PBXContainerItemProxy section */

/* Begin PBXFileReference section */
		8718CDEB19062AF500C34891 /* LCLPlayingCardViewExample.app */ = {isa = PBXFileReference; explicitFileType = wrapper.application; includeInIndex = 0; path = LCLPlayingCardViewExample.app; sourceTree = BUILT_PRODUCTS_DIR; };
		8718CDEE19062AF500C34891 /* Foundation.framework */ = {isa = PBXFileReference; lastKnownFileType = wrapper.framework; name = Foundation.framework; path = System/Library/Frameworks/Foundation.framework; sourceTree = SDKROOT; };
		8718CDF019062AF500C34891 /* CoreGraphics.framework */ = {isa = PBXFileReference; lastKnownFileType = wrapper.framework; name = CoreGraphics.framework; path = System/Library/Frameworks/CoreGraphics.framework; sourceTree = SDKROOT; };
		8718CDF219062AF500C34891 /* UIKit.framework */ = {isa = PBXFileReference; lastKnownFileType = wrapper.framework; name = UIKit.framework; path = System/Library/Frameworks/UIKit.framework; sourceTree = SDKROOT; };
		8718CDF619062AF500C34891 /* LCLPlayingCardViewExample-Info.plist */ = {isa = PBXFileReference; lastKnownFileType = text.plist.xml; path = "LCLPlayingCardViewExample-Info.plist"; sourceTree = "<group>"; };
		8718CDF819062AF500C34891 /* en */ = {isa = PBXFileReference; lastKnownFileType = text.plist.strings; name = en; path = en.lproj/InfoPlist.strings; sourceTree = "<group>"; };
		8718CDFA19062AF500C34891 /* main.m */ = {isa = PBXFileReference; lastKnownFileType = sourcecode.c.objc; path = main.m; sourceTree = "<group>"; };
		8718CDFC19062AF500C34891 /* LCLPlayingCardViewExample-Prefix.pch */ = {isa = PBXFileReference; lastKnownFileType = sourcecode.c.h; path = "LCLPlayingCardViewExample-Prefix.pch"; sourceTree = "<group>"; };
		8718CDFD19062AF500C34891 /* LCLAppDelegate.h */ = {isa = PBXFileReference; lastKnownFileType = sourcecode.c.h; path = LCLAppDelegate.h; sourceTree = "<group>"; };
		8718CDFE19062AF500C34891 /* LCLAppDelegate.m */ = {isa = PBXFileReference; lastKnownFileType = sourcecode.c.objc; path = LCLAppDelegate.m; sourceTree = "<group>"; };
		8718CE0119062AF500C34891 /* Base */ = {isa = PBXFileReference; lastKnownFileType = file.storyboard; name = Base; path = Base.lproj/Main.storyboard; sourceTree = "<group>"; };
		8718CE0319062AF500C34891 /* LCLViewController.h */ = {isa = PBXFileReference; lastKnownFileType = sourcecode.c.h; path = LCLViewController.h; sourceTree = "<group>"; };
		8718CE0419062AF500C34891 /* LCLViewController.m */ = {isa = PBXFileReference; lastKnownFileType = sourcecode.c.objc; path = LCLViewController.m; sourceTree = "<group>"; };
		8718CE0619062AF500C34891 /* Images.xcassets */ = {isa = PBXFileReference; lastKnownFileType = folder.assetcatalog; path = Images.xcassets; sourceTree = "<group>"; };
		8718CE0C19062AF500C34891 /* LCLPlayingCardViewExampleTests.xctest */ = {isa = PBXFileReference; explicitFileType = wrapper.cfbundle; includeInIndex = 0; path = LCLPlayingCardViewExampleTests.xctest; sourceTree = BUILT_PRODUCTS_DIR; };
		8718CE0D19062AF500C34891 /* XCTest.framework */ = {isa = PBXFileReference; lastKnownFileType = wrapper.framework; name = XCTest.framework; path = Library/Frameworks/XCTest.framework; sourceTree = DEVELOPER_DIR; };
		8718CE1519062AF500C34891 /* LCLPlayingCardViewExampleTests-Info.plist */ = {isa = PBXFileReference; lastKnownFileType = text.plist.xml; path = "LCLPlayingCardViewExampleTests-Info.plist"; sourceTree = "<group>"; };
		8718CE1719062AF500C34891 /* en */ = {isa = PBXFileReference; lastKnownFileType = text.plist.strings; name = en; path = en.lproj/InfoPlist.strings; sourceTree = "<group>"; };
		8718CE1919062AF500C34891 /* LCLPlayingCardViewExampleTests.m */ = {isa = PBXFileReference; lastKnownFileType = sourcecode.c.objc; path = LCLPlayingCardViewExampleTests.m; sourceTree = "<group>"; };
/* End PBXFileReference section */

/* Begin PBXFrameworksBuildPhase section */
		8718CDE819062AF500C34891 /* Frameworks */ = {
			isa = PBXFrameworksBuildPhase;
			buildActionMask = 2147483647;
			files = (
				8718CDF119062AF500C34891 /* CoreGraphics.framework in Frameworks */,
				8718CDF319062AF500C34891 /* UIKit.framework in Frameworks */,
				8718CDEF19062AF500C34891 /* Foundation.framework in Frameworks */,
			);
			runOnlyForDeploymentPostprocessing = 0;
		};
		8718CE0919062AF500C34891 /* Frameworks */ = {
			isa = PBXFrameworksBuildPhase;
			buildActionMask = 2147483647;
			files = (
				8718CE0E19062AF500C34891 /* XCTest.framework in Frameworks */,
				8718CE1019062AF500C34891 /* UIKit.framework in Frameworks */,
				8718CE0F19062AF500C34891 /* Foundation.framework in Frameworks */,
			);
			runOnlyForDeploymentPostprocessing = 0;
		};
/* End PBXFrameworksBuildPhase section */

/* Begin PBXGroup section */
		8718CDE219062AF500C34891 = {
			isa = PBXGroup;
			children = (
				8718CDF419062AF500C34891 /* LCLPlayingCardViewExample */,
				8718CE1319062AF500C34891 /* LCLPlayingCardViewExampleTests */,
				8718CDED19062AF500C34891 /* Frameworks */,
				8718CDEC19062AF500C34891 /* Products */,
			);
			sourceTree = "<group>";
		};
		8718CDEC19062AF500C34891 /* Products */ = {
			isa = PBXGroup;
			children = (
				8718CDEB19062AF500C34891 /* LCLPlayingCardViewExample.app */,
				8718CE0C19062AF500C34891 /* LCLPlayingCardViewExampleTests.xctest */,
			);
			name = Products;
			sourceTree = "<group>";
		};
		8718CDED19062AF500C34891 /* Frameworks */ = {
			isa = PBXGroup;
			children = (
				8718CDEE19062AF500C34891 /* Foundation.framework */,
				8718CDF019062AF500C34891 /* CoreGraphics.framework */,
				8718CDF219062AF500C34891 /* UIKit.framework */,
				8718CE0D19062AF500C34891 /* XCTest.framework */,
			);
			name = Frameworks;
			sourceTree = "<group>";
		};
		8718CDF419062AF500C34891 /* LCLPlayingCardViewExample */ = {
			isa = PBXGroup;
			children = (
				8718CDFD19062AF500C34891 /* LCLAppDelegate.h */,
				8718CDFE19062AF500C34891 /* LCLAppDelegate.m */,
				8718CE0019062AF500C34891 /* Main.storyboard */,
				8718CE0319062AF500C34891 /* LCLViewController.h */,
				8718CE0419062AF500C34891 /* LCLViewController.m */,
				8718CE0619062AF500C34891 /* Images.xcassets */,
				8718CDF519062AF500C34891 /* Supporting Files */,
			);
			path = LCLPlayingCardViewExample;
			sourceTree = "<group>";
		};
		8718CDF519062AF500C34891 /* Supporting Files */ = {
			isa = PBXGroup;
			children = (
				8718CDF619062AF500C34891 /* LCLPlayingCardViewExample-Info.plist */,
				8718CDF719062AF500C34891 /* InfoPlist.strings */,
				8718CDFA19062AF500C34891 /* main.m */,
				8718CDFC19062AF500C34891 /* LCLPlayingCardViewExample-Prefix.pch */,
			);
			name = "Supporting Files";
			sourceTree = "<group>";
		};
		8718CE1319062AF500C34891 /* LCLPlayingCardViewExampleTests */ = {
			isa = PBXGroup;
			children = (
				8718CE1919062AF500C34891 /* LCLPlayingCardViewExampleTests.m */,
				8718CE1419062AF500C34891 /* Supporting Files */,
			);
			path = LCLPlayingCardViewExampleTests;
			sourceTree = "<group>";
		};
		8718CE1419062AF500C34891 /* Supporting Files */ = {
			isa = PBXGroup;
			children = (
				8718CE1519062AF500C34891 /* LCLPlayingCardViewExampleTests-Info.plist */,
				8718CE1619062AF500C34891 /* InfoPlist.strings */,
			);
			name = "Supporting Files";
			sourceTree = "<group>";
		};
/* End PBXGroup section */

/* Begin PBXNativeTarget section */
		8718CDEA19062AF500C34891 /* LCLPlayingCardViewExample */ = {
			isa = PBXNativeTarget;
			buildConfigurationList = 8718CE1D19062AF500C34891 /* Build configuration list for PBXNativeTarget "LCLPlayingCardViewExample" */;
			buildPhases = (
				8718CDE719062AF500C34891 /* Sources */,
				8718CDE819062AF500C34891 /* Frameworks */,
				8718CDE919062AF500C34891 /* Resources */,
			);
			buildRules = (
			);
			dependencies = (
			);
			name = LCLPlayingCardViewExample;
			productName = LCLPlayingCardViewExample;
			productReference = 8718CDEB19062AF500C34891 /* LCLPlayingCardViewExample.app */;
			productType = "com.apple.product-type.application";
		};
		8718CE0B19062AF500C34891 /* LCLPlayingCardViewExampleTests */ = {
			isa = PBXNativeTarget;
			buildConfigurationList = 8718CE2019062AF500C34891 /* Build configuration list for PBXNativeTarget "LCLPlayingCardViewExampleTests" */;
			buildPhases = (
				8718CE0819062AF500C34891 /* Sources */,
				8718CE0919062AF500C34891 /* Frameworks */,
				8718CE0A19062AF500C34891 /* Resources */,
			);
			buildRules = (
			);
			dependencies = (
				8718CE1219062AF500C34891 /* PBXTargetDependency */,
			);
			name = LCLPlayingCardViewExampleTests;
			productName = LCLPlayingCardViewExampleTests;
			productReference = 8718CE0C19062AF500C34891 /* LCLPlayingCardViewExampleTests.xctest */;
			productType = "com.apple.product-type.bundle.unit-test";
		};
/* End PBXNativeTarget section */

/* Begin PBXProject section */
		8718CDE319062AF500C34891 /* Project object */ = {
			isa = PBXProject;
			attributes = {
				CLASSPREFIX = LCL;
				LastUpgradeCheck = 0510;
				ORGANIZATIONNAME = "Leonard Li";
				TargetAttributes = {
					8718CE0B19062AF500C34891 = {
						TestTargetID = 8718CDEA19062AF500C34891;
					};
				};
			};
			buildConfigurationList = 8718CDE619062AF500C34891 /* Build configuration list for PBXProject "LCLPlayingCardViewExample" */;
			compatibilityVersion = "Xcode 3.2";
			developmentRegion = English;
			hasScannedForEncodings = 0;
			knownRegions = (
				en,
				Base,
			);
			mainGroup = 8718CDE219062AF500C34891;
			productRefGroup = 8718CDEC19062AF500C34891 /* Products */;
			projectDirPath = "";
			projectRoot = "";
			targets = (
				8718CDEA19062AF500C34891 /* LCLPlayingCardViewExample */,
				8718CE0B19062AF500C34891 /* LCLPlayingCardViewExampleTests */,
			);
		};
/* End PBXProject section */

/* Begin PBXResourcesBuildPhase section */
		8718CDE919062AF500C34891 /* Resources */ = {
			isa = PBXResourcesBuildPhase;
			buildActionMask = 2147483647;
			files = (
				8718CE0719062AF500C34891 /* Images.xcassets in Resources */,
				8718CDF919062AF500C34891 /* InfoPlist.strings in Resources */,
				8718CE0219062AF500C34891 /* Main.storyboard in Resources */,
			);
			runOnlyForDeploymentPostprocessing = 0;
		};
		8718CE0A19062AF500C34891 /* Resources */ = {
			isa = PBXResourcesBuildPhase;
			buildActionMask = 2147483647;
			files = (
				8718CE1819062AF500C34891 /* InfoPlist.strings in Resources */,
			);
			runOnlyForDeploymentPostprocessing = 0;
		};
/* End PBXResourcesBuildPhase section */

/* Begin PBXSourcesBuildPhase section */
		8718CDE719062AF500C34891 /* Sources */ = {
			isa = PBXSourcesBuildPhase;
			buildActionMask = 2147483647;
			files = (
				8718CDFF19062AF500C34891 /* LCLAppDelegate.m in Sources */,
				8718CE0519062AF500C34891 /* LCLViewController.m in Sources */,
				8718CDFB19062AF500C34891 /* main.m in Sources */,
			);
			runOnlyForDeploymentPostprocessing = 0;
		};
		8718CE0819062AF500C34891 /* Sources */ = {
			isa = PBXSourcesBuildPhase;
			buildActionMask = 2147483647;
			files = (
				8718CE1A19062AF500C34891 /* LCLPlayingCardViewExampleTests.m in Sources */,
			);
			runOnlyForDeploymentPostprocessing = 0;
		};
/* End PBXSourcesBuildPhase section */

/* Begin PBXTargetDependency section */
		8718CE1219062AF500C34891 /* PBXTargetDependency */ = {
			isa = PBXTargetDependency;
			target = 8718CDEA19062AF500C34891 /* LCLPlayingCardViewExample */;
			targetProxy = 8718CE1119062AF500C34891 /* PBXContainerItemProxy */;
		};
/* End PBXTargetDependency section */

/* Begin PBXVariantGroup section */
		8718CDF719062AF500C34891 /* InfoPlist.strings */ = {
			isa = PBXVariantGroup;
			children = (
				8718CDF819062AF500C34891 /* en */,
			);
			name = InfoPlist.strings;
			sourceTree = "<group>";
		};
		8718CE0019062AF500C34891 /* Main.storyboard */ = {
			isa = PBXVariantGroup;
			children = (
				8718CE0119062AF500C34891 /* Base */,
			);
			name = Main.storyboard;
			sourceTree = "<group>";
		};
		8718CE1619062AF500C34891 /* InfoPlist.strings */ = {
			isa = PBXVariantGroup;
			children = (
				8718CE1719062AF500C34891 /* en */,
			);
			name = InfoPlist.strings;
			sourceTree = "<group>";
		};
/* End PBXVariantGroup section */

/* Begin XCBuildConfiguration section */
		8718CE1B19062AF500C34891 /* Debug */ = {
			isa = XCBuildConfiguration;
			buildSettings = {
				ALWAYS_SEARCH_USER_PATHS = NO;
				CLANG_CXX_LANGUAGE_STANDARD = "gnu++0x";
				CLANG_CXX_LIBRARY = "libc++";
				CLANG_ENABLE_MODULES = YES;
				CLANG_ENABLE_OBJC_ARC = YES;
				CLANG_WARN_BOOL_CONVERSION = YES;
				CLANG_WARN_CONSTANT_CONVERSION = YES;
				CLANG_WARN_DIRECT_OBJC_ISA_USAGE = YES_ERROR;
				CLANG_WARN_EMPTY_BODY = YES;
				CLANG_WARN_ENUM_CONVERSION = YES;
				CLANG_WARN_INT_CONVERSION = YES;
				CLANG_WARN_OBJC_ROOT_CLASS = YES_ERROR;
				CLANG_WARN__DUPLICATE_METHOD_MATCH = YES;
				"CODE_SIGN_IDENTITY[sdk=iphoneos*]" = "iPhone Developer";
				COPY_PHASE_STRIP = NO;
				GCC_C_LANGUAGE_STANDARD = gnu99;
				GCC_DYNAMIC_NO_PIC = NO;
				GCC_OPTIMIZATION_LEVEL = 0;
				GCC_PREPROCESSOR_DEFINITIONS = (
					"DEBUG=1",
					"$(inherited)",
				);
				GCC_SYMBOLS_PRIVATE_EXTERN = NO;
				GCC_WARN_64_TO_32_BIT_CONVERSION = YES;
				GCC_WARN_ABOUT_RETURN_TYPE = YES_ERROR;
				GCC_WARN_UNDECLARED_SELECTOR = YES;
				GCC_WARN_UNINITIALIZED_AUTOS = YES_AGGRESSIVE;
				GCC_WARN_UNUSED_FUNCTION = YES;
				GCC_WARN_UNUSED_VARIABLE = YES;
				IPHONEOS_DEPLOYMENT_TARGET = 7.1;
				ONLY_ACTIVE_ARCH = YES;
				SDKROOT = iphoneos;
			};
			name = Debug;
		};
		8718CE1C19062AF500C34891 /* Release */ = {
			isa = XCBuildConfiguration;
			buildSettings = {
				ALWAYS_SEARCH_USER_PATHS = NO;
				CLANG_CXX_LANGUAGE_STANDARD = "gnu++0x";
				CLANG_CXX_LIBRARY = "libc++";
				CLANG_ENABLE_MODULES = YES;
				CLANG_ENABLE_OBJC_ARC = YES;
				CLANG_WARN_BOOL_CONVERSION = YES;
				CLANG_WARN_CONSTANT_CONVERSION = YES;
				CLANG_WARN_DIRECT_OBJC_ISA_USAGE = YES_ERROR;
				CLANG_WARN_EMPTY_BODY = YES;
				CLANG_WARN_ENUM_CONVERSION = YES;
				CLANG_WARN_INT_CONVERSION = YES;
				CLANG_WARN_OBJC_ROOT_CLASS = YES_ERROR;
				CLANG_WARN__DUPLICATE_METHOD_MATCH = YES;
				"CODE_SIGN_IDENTITY[sdk=iphoneos*]" = "iPhone Developer";
				COPY_PHASE_STRIP = YES;
				ENABLE_NS_ASSERTIONS = NO;
				GCC_C_LANGUAGE_STANDARD = gnu99;
				GCC_WARN_64_TO_32_BIT_CONVERSION = YES;
				GCC_WARN_ABOUT_RETURN_TYPE = YES_ERROR;
				GCC_WARN_UNDECLARED_SELECTOR = YES;
				GCC_WARN_UNINITIALIZED_AUTOS = YES_AGGRESSIVE;
				GCC_WARN_UNUSED_FUNCTION = YES;
				GCC_WARN_UNUSED_VARIABLE = YES;
				IPHONEOS_DEPLOYMENT_TARGET = 7.1;
				SDKROOT = iphoneos;
				VALIDATE_PRODUCT = YES;
			};
			name = Release;
		};
		8718CE1E19062AF500C34891 /* Debug */ = {
			isa = XCBuildConfiguration;
			buildSettings = {
				ASSETCATALOG_COMPILER_APPICON_NAME = AppIcon;
				ASSETCATALOG_COMPILER_LAUNCHIMAGE_NAME = LaunchImage;
				GCC_PRECOMPILE_PREFIX_HEADER = YES;
				GCC_PREFIX_HEADER = "LCLPlayingCardViewExample/LCLPlayingCardViewExample-Prefix.pch";
				INFOPLIST_FILE = "LCLPlayingCardViewExample/LCLPlayingCardViewExample-Info.plist";
				PRODUCT_NAME = "$(TARGET_NAME)";
				WRAPPER_EXTENSION = app;
			};
			name = Debug;
		};
		8718CE1F19062AF500C34891 /* Release */ = {
			isa = XCBuildConfiguration;
			buildSettings = {
				ASSETCATALOG_COMPILER_APPICON_NAME = AppIcon;
				ASSETCATALOG_COMPILER_LAUNCHIMAGE_NAME = LaunchImage;
				GCC_PRECOMPILE_PREFIX_HEADER = YES;
				GCC_PREFIX_HEADER = "LCLPlayingCardViewExample/LCLPlayingCardViewExample-Prefix.pch";
				INFOPLIST_FILE = "LCLPlayingCardViewExample/LCLPlayingCardViewExample-Info.plist";
				PRODUCT_NAME = "$(TARGET_NAME)";
				WRAPPER_EXTENSION = app;
			};
			name = Release;
		};
		8718CE2119062AF500C34891 /* Debug */ = {
			isa = XCBuildConfiguration;
			buildSettings = {
				BUNDLE_LOADER = "$(BUILT_PRODUCTS_DIR)/LCLPlayingCardViewExample.app/LCLPlayingCardViewExample";
				FRAMEWORK_SEARCH_PATHS = (
					"$(SDKROOT)/Developer/Library/Frameworks",
					"$(inherited)",
					"$(DEVELOPER_FRAMEWORKS_DIR)",
				);
				GCC_PRECOMPILE_PREFIX_HEADER = YES;
				GCC_PREFIX_HEADER = "LCLPlayingCardViewExample/LCLPlayingCardViewExample-Prefix.pch";
				GCC_PREPROCESSOR_DEFINITIONS = (
					"DEBUG=1",
					"$(inherited)",
				);
				INFOPLIST_FILE = "LCLPlayingCardViewExampleTests/LCLPlayingCardViewExampleTests-Info.plist";
				PRODUCT_NAME = "$(TARGET_NAME)";
				TEST_HOST = "$(BUNDLE_LOADER)";
				WRAPPER_EXTENSION = xctest;
			};
			name = Debug;
		};
		8718CE2219062AF500C34891 /* Release */ = {
			isa = XCBuildConfiguration;
			buildSettings = {
				BUNDLE_LOADER = "$(BUILT_PRODUCTS_DIR)/LCLPlayingCardViewExample.app/LCLPlayingCardViewExample";
				FRAMEWORK_SEARCH_PATHS = (
					"$(SDKROOT)/Developer/Library/Frameworks",
					"$(inherited)",
					"$(DEVELOPER_FRAMEWORKS_DIR)",
				);
				GCC_PRECOMPILE_PREFIX_HEADER = YES;
				GCC_PREFIX_HEADER = "LCLPlayingCardViewExample/LCLPlayingCardViewExample-Prefix.pch";
				INFOPLIST_FILE = "LCLPlayingCardViewExampleTests/LCLPlayingCardViewExampleTests-Info.plist";
				PRODUCT_NAME = "$(TARGET_NAME)";
				TEST_HOST = "$(BUNDLE_LOADER)";
				WRAPPER_EXTENSION = xctest;
			};
			name = Release;
		};
/* End XCBuildConfiguration section */

/* Begin XCConfigurationList section */
		8718CDE619062AF500C34891 /* Build configuration list for PBXProject "LCLPlayingCardViewExample" */ = {
			isa = XCConfigurationList;
			buildConfigurations = (
				8718CE1B19062AF500C34891 /* Debug */,
				8718CE1C19062AF500C34891 /* Release */,
			);
			defaultConfigurationIsVisible = 0;
			defaultConfigurationName = Release;
		};
		8718CE1D19062AF500C34891 /* Build configuration list for PBXNativeTarget "LCLPlayingCardViewExample" */ = {
			isa = XCConfigurationList;
			buildConfigurations = (
				8718CE1E19062AF500C34891 /* Debug */,
				8718CE1F19062AF500C34891 /* Release */,
			);
			defaultConfigurationIsVisible = 0;
		};
		8718CE2019062AF500C34891 /* Build configuration list for PBXNativeTarget "LCLPlayingCardViewExampleTests" */ = {
			isa = XCConfigurationList;
			buildConfigurations = (
				8718CE2119062AF500C34891 /* Debug */,
				8718CE2219062AF500C34891 /* Release */,
			);
			defaultConfigurationIsVisible = 0;
		};
/* End XCConfigurationList section */
	};
	rootObject = 8718CDE319062AF500C34891 /* Project object */;
}
